
Microsoft Visual Studio Solution File, Format Version 12.00
# Visual Studio 15
VisualStudioVersion = 15.0.27703.2042
MinimumVisualStudioVersion = 10.0.40219.1
Project("{FAE04EC0-301F-11D3-BF4B-00C04F79EFBC}") = "HexImager", "HexImager\HexImager.csproj", "{61ACD428-4B87-4912-AB11-EB61860FD1AD}"
EndProject
Project("{FAE04EC0-301F-11D3-BF4B-00C04F79EFBC}") = "ConsoleLogger", "ConsoleLogger\ConsoleLogger.csproj", "{52B3FC8B-22A5-4F1B-8242-BE5EEA4C874D}"
EndProject
Project("{FAE04EC0-301F-11D3-BF4B-00C04F79EFBC}") = "DiscoveryForm", "DiscoveryForm\DiscoveryForm.csproj", "{32BA00A4-8A84-4AB6-A96C-E213BBB936A0}"
EndProject
Project("{FAE04EC0-301F-11D3-BF4B-00C04F79EFBC}") = "FLIRCamera", "FLIRCamera\FLIRCamera.csproj", "{3C0E2ED0-CCA5-443A-8F33-3B581FE7751F}"
EndProject
Project("{FAE04EC0-301F-11D3-BF4B-00C04F79EFBC}") = "FLIRCameraFocusControl", "FLIRCameraFocusControl\FLIRCameraFocusControl.csproj", "{EFDFECD0-4583-4C60-85F7-EF51C97247AD}"
EndProject
Project("{FAE04EC0-301F-11D3-BF4B-00C04F79EFBC}") = "FLIRCameraSettingsForm", "FLIRCameraSettingsForm\FLIRCameraSettingsForm.csproj", "{9C986A94-51F4-4E2A-B495-C810CDA4655D}"
EndProject
Project("{FAE04EC0-301F-11D3-BF4B-00C04F79EFBC}") = "FLIRCameraTemperatureControl", "FLIRCameraTemperatureControl\FLIRCameraTemperatureControl.csproj", "{A039627A-F936-429B-9ED6-47FA281FEAC8}"
EndProject
Project("{FAE04EC0-301F-11D3-BF4B-00C04F79EFBC}") = "HexImagerFilesystem", "HexImagerFilesystem\HexImagerFilesystem.csproj", "{CE08102B-864C-4B3B-BE70-5E9212B9D191}"
EndProject
Project("{FAE04EC0-301F-11D3-BF4B-00C04F79EFBC}") = "HexImagerRecorder", "HexImagerRecorder\HexImagerRecorder.csproj", "{84B28A24-85D4-4923-BD41-78F6D0F16C08}"
EndProject
Project("{FAE04EC0-301F-11D3-BF4B-00C04F79EFBC}") = "HexImagerViewer", "HexImagerViewer\HexImagerViewer.csproj", "{5184B508-BA08-4E6A-ACB8-94B69E769497}"
EndProject
Project("{FAE04EC0-301F-11D3-BF4B-00C04F79EFBC}") = "TestProgram", "TestProgram\TestProgram.csproj", "{570394E5-0727-45B1-9244-9CCD608D5032}"
EndProject
Project("{FAE04EC0-301F-11D3-BF4B-00C04F79EFBC}") = "HexImagerFileSelectControl", "HexImagerFileSelectControl\HexImagerFileSelectControl.csproj", "{E22E7C42-4B61-4D4E-BA59-6D4D4DF70EEB}"
EndProject
Project("{FAE04EC0-301F-11D3-BF4B-00C04F79EFBC}") = "RangeSlider", "RangeSlider\RangeSlider.csproj", "{75784C79-6B53-4879-8BD6-66FF7D145EE2}"
EndProject
Project("{FAE04EC0-301F-11D3-BF4B-00C04F79EFBC}") = "HexImagerExportTool", "HexImagerExportTool\HexImagerExportTool.csproj", "{6A6B02DD-8E13-41B1-A54C-A35AEA3906D6}"
EndProject
Global
	GlobalSection(SolutionConfigurationPlatforms) = preSolution
		Debug|Any CPU = Debug|Any CPU
		Debug|x64 = Debug|x64
		Debug|x86 = Debug|x86
		Release|Any CPU = Release|Any CPU
		Release|x64 = Release|x64
		Release|x86 = Release|x86
	EndGlobalSection
	GlobalSection(ProjectConfigurationPlatforms) = postSolution
		{61ACD428-4B87-4912-AB11-EB61860FD1AD}.Debug|Any CPU.ActiveCfg = Debug|x86
		{61ACD428-4B87-4912-AB11-EB61860FD1AD}.Debug|x64.ActiveCfg = Debug|x64
		{61ACD428-4B87-4912-AB11-EB61860FD1AD}.Debug|x64.Build.0 = Debug|x64
		{61ACD428-4B87-4912-AB11-EB61860FD1AD}.Debug|x86.ActiveCfg = Debug|x86
		{61ACD428-4B87-4912-AB11-EB61860FD1AD}.Debug|x86.Build.0 = Debug|x86
		{61ACD428-4B87-4912-AB11-EB61860FD1AD}.Release|Any CPU.ActiveCfg = Release|x86
		{61ACD428-4B87-4912-AB11-EB61860FD1AD}.Release|x64.ActiveCfg = Release|x64
		{61ACD428-4B87-4912-AB11-EB61860FD1AD}.Release|x64.Build.0 = Release|x64
		{61ACD428-4B87-4912-AB11-EB61860FD1AD}.Release|x86.ActiveCfg = Release|x86
		{61ACD428-4B87-4912-AB11-EB61860FD1AD}.Release|x86.Build.0 = Release|x86
		{52B3FC8B-22A5-4F1B-8242-BE5EEA4C874D}.Debug|Any CPU.ActiveCfg = Debug|x86
		{52B3FC8B-22A5-4F1B-8242-BE5EEA4C874D}.Debug|x64.ActiveCfg = Debug|x64
		{52B3FC8B-22A5-4F1B-8242-BE5EEA4C874D}.Debug|x64.Build.0 = Debug|x64
		{52B3FC8B-22A5-4F1B-8242-BE5EEA4C874D}.Debug|x86.ActiveCfg = Debug|x86
		{52B3FC8B-22A5-4F1B-8242-BE5EEA4C874D}.Debug|x86.Build.0 = Debug|x86
		{52B3FC8B-22A5-4F1B-8242-BE5EEA4C874D}.Release|Any CPU.ActiveCfg = Release|x86
		{52B3FC8B-22A5-4F1B-8242-BE5EEA4C874D}.Release|x64.ActiveCfg = Release|x64
		{52B3FC8B-22A5-4F1B-8242-BE5EEA4C874D}.Release|x64.Build.0 = Release|x64
		{52B3FC8B-22A5-4F1B-8242-BE5EEA4C874D}.Release|x86.ActiveCfg = Release|x86
		{52B3FC8B-22A5-4F1B-8242-BE5EEA4C874D}.Release|x86.Build.0 = Release|x86
		{32BA00A4-8A84-4AB6-A96C-E213BBB936A0}.Debug|Any CPU.ActiveCfg = Debug|x86
		{32BA00A4-8A84-4AB6-A96C-E213BBB936A0}.Debug|x64.ActiveCfg = Debug|x64
		{32BA00A4-8A84-4AB6-A96C-E213BBB936A0}.Debug|x64.Build.0 = Debug|x64
		{32BA00A4-8A84-4AB6-A96C-E213BBB936A0}.Debug|x86.ActiveCfg = Debug|x86
		{32BA00A4-8A84-4AB6-A96C-E213BBB936A0}.Debug|x86.Build.0 = Debug|x86
		{32BA00A4-8A84-4AB6-A96C-E213BBB936A0}.Release|Any CPU.ActiveCfg = Release|x86
		{32BA00A4-8A84-4AB6-A96C-E213BBB936A0}.Release|x64.ActiveCfg = Release|x64
		{32BA00A4-8A84-4AB6-A96C-E213BBB936A0}.Release|x64.Build.0 = Release|x64
		{32BA00A4-8A84-4AB6-A96C-E213BBB936A0}.Release|x86.ActiveCfg = Release|x86
		{32BA00A4-8A84-4AB6-A96C-E213BBB936A0}.Release|x86.Build.0 = Release|x86
		{3C0E2ED0-CCA5-443A-8F33-3B581FE7751F}.Debug|Any CPU.ActiveCfg = Debug|x86
		{3C0E2ED0-CCA5-443A-8F33-3B581FE7751F}.Debug|x64.ActiveCfg = Debug|x64
		{3C0E2ED0-CCA5-443A-8F33-3B581FE7751F}.Debug|x64.Build.0 = Debug|x64
		{3C0E2ED0-CCA5-443A-8F33-3B581FE7751F}.Debug|x86.ActiveCfg = Debug|x86
		{3C0E2ED0-CCA5-443A-8F33-3B581FE7751F}.Debug|x86.Build.0 = Debug|x86
		{3C0E2ED0-CCA5-443A-8F33-3B581FE7751F}.Release|Any CPU.ActiveCfg = Release|x86
		{3C0E2ED0-CCA5-443A-8F33-3B581FE7751F}.Release|x64.ActiveCfg = Release|x64
		{3C0E2ED0-CCA5-443A-8F33-3B581FE7751F}.Release|x64.Build.0 = Release|x64
		{3C0E2ED0-CCA5-443A-8F33-3B581FE7751F}.Release|x86.ActiveCfg = Release|x86
		{3C0E2ED0-CCA5-443A-8F33-3B581FE7751F}.Release|x86.Build.0 = Release|x86
		{EFDFECD0-4583-4C60-85F7-EF51C97247AD}.Debug|Any CPU.ActiveCfg = Debug|x86
		{EFDFECD0-4583-4C60-85F7-EF51C97247AD}.Debug|x64.ActiveCfg = Debug|x64
		{EFDFECD0-4583-4C60-85F7-EF51C97247AD}.Debug|x64.Build.0 = Debug|x64
		{EFDFECD0-4583-4C60-85F7-EF51C97247AD}.Debug|x86.ActiveCfg = Debug|x86
		{EFDFECD0-4583-4C60-85F7-EF51C97247AD}.Debug|x86.Build.0 = Debug|x86
		{EFDFECD0-4583-4C60-85F7-EF51C97247AD}.Release|Any CPU.ActiveCfg = Release|x86
		{EFDFECD0-4583-4C60-85F7-EF51C97247AD}.Release|x64.ActiveCfg = Release|x64
		{EFDFECD0-4583-4C60-85F7-EF51C97247AD}.Release|x64.Build.0 = Release|x64
		{EFDFECD0-4583-4C60-85F7-EF51C97247AD}.Release|x86.ActiveCfg = Release|x86
		{EFDFECD0-4583-4C60-85F7-EF51C97247AD}.Release|x86.Build.0 = Release|x86
		{9C986A94-51F4-4E2A-B495-C810CDA4655D}.Debug|Any CPU.ActiveCfg = Debug|x86
		{9C986A94-51F4-4E2A-B495-C810CDA4655D}.Debug|x64.ActiveCfg = Debug|x64
		{9C986A94-51F4-4E2A-B495-C810CDA4655D}.Debug|x64.Build.0 = Debug|x64
		{9C986A94-51F4-4E2A-B495-C810CDA4655D}.Debug|x86.ActiveCfg = Debug|x86
		{9C986A94-51F4-4E2A-B495-C810CDA4655D}.Debug|x86.Build.0 = Debug|x86
		{9C986A94-51F4-4E2A-B495-C810CDA4655D}.Release|Any CPU.ActiveCfg = Release|x86
		{9C986A94-51F4-4E2A-B495-C810CDA4655D}.Release|x64.ActiveCfg = Release|x64
		{9C986A94-51F4-4E2A-B495-C810CDA4655D}.Release|x64.Build.0 = Release|x64
		{9C986A94-51F4-4E2A-B495-C810CDA4655D}.Release|x86.ActiveCfg = Release|x86
		{9C986A94-51F4-4E2A-B495-C810CDA4655D}.Release|x86.Build.0 = Release|x86
		{A039627A-F936-429B-9ED6-47FA281FEAC8}.Debug|Any CPU.ActiveCfg = Debug|x86
		{A039627A-F936-429B-9ED6-47FA281FEAC8}.Debug|x64.ActiveCfg = Debug|x64
		{A039627A-F936-429B-9ED6-47FA281FEAC8}.Debug|x64.Build.0 = Debug|x64
		{A039627A-F936-429B-9ED6-47FA281FEAC8}.Debug|x86.ActiveCfg = Debug|x86
		{A039627A-F936-429B-9ED6-47FA281FEAC8}.Debug|x86.Build.0 = Debug|x86
		{A039627A-F936-429B-9ED6-47FA281FEAC8}.Release|Any CPU.ActiveCfg = Release|x86
		{A039627A-F936-429B-9ED6-47FA281FEAC8}.Release|x64.ActiveCfg = Release|x64
		{A039627A-F936-429B-9ED6-47FA281FEAC8}.Release|x64.Build.0 = Release|x64
		{A039627A-F936-429B-9ED6-47FA281FEAC8}.Release|x86.ActiveCfg = Release|x86
		{A039627A-F936-429B-9ED6-47FA281FEAC8}.Release|x86.Build.0 = Release|x86
		{CE08102B-864C-4B3B-BE70-5E9212B9D191}.Debug|Any CPU.ActiveCfg = Debug|x86
		{CE08102B-864C-4B3B-BE70-5E9212B9D191}.Debug|x64.ActiveCfg = Debug|x64
		{CE08102B-864C-4B3B-BE70-5E9212B9D191}.Debug|x64.Build.0 = Debug|x64
		{CE08102B-864C-4B3B-BE70-5E9212B9D191}.Debug|x86.ActiveCfg = Debug|x86
		{CE08102B-864C-4B3B-BE70-5E9212B9D191}.Debug|x86.Build.0 = Debug|x86
		{CE08102B-864C-4B3B-BE70-5E9212B9D191}.Release|Any CPU.ActiveCfg = Release|x86
		{CE08102B-864C-4B3B-BE70-5E9212B9D191}.Release|x64.ActiveCfg = Release|x64
		{CE08102B-864C-4B3B-BE70-5E9212B9D191}.Release|x64.Build.0 = Release|x64
		{CE08102B-864C-4B3B-BE70-5E9212B9D191}.Release|x86.ActiveCfg = Release|x86
		{CE08102B-864C-4B3B-BE70-5E9212B9D191}.Release|x86.Build.0 = Release|x86
		{84B28A24-85D4-4923-BD41-78F6D0F16C08}.Debug|Any CPU.ActiveCfg = Debug|x86
		{84B28A24-85D4-4923-BD41-78F6D0F16C08}.Debug|x64.ActiveCfg = Debug|x64
		{84B28A24-85D4-4923-BD41-78F6D0F16C08}.Debug|x64.Build.0 = Debug|x64
		{84B28A24-85D4-4923-BD41-78F6D0F16C08}.Debug|x86.ActiveCfg = Debug|x86
		{84B28A24-85D4-4923-BD41-78F6D0F16C08}.Debug|x86.Build.0 = Debug|x86
		{84B28A24-85D4-4923-BD41-78F6D0F16C08}.Release|Any CPU.ActiveCfg = Release|x86
		{84B28A24-85D4-4923-BD41-78F6D0F16C08}.Release|x64.ActiveCfg = Release|x64
		{84B28A24-85D4-4923-BD41-78F6D0F16C08}.Release|x64.Build.0 = Release|x64
		{84B28A24-85D4-4923-BD41-78F6D0F16C08}.Release|x86.ActiveCfg = Release|x86
		{84B28A24-85D4-4923-BD41-78F6D0F16C08}.Release|x86.Build.0 = Release|x86
		{5184B508-BA08-4E6A-ACB8-94B69E769497}.Debug|Any CPU.ActiveCfg = Debug|x86
		{5184B508-BA08-4E6A-ACB8-94B69E769497}.Debug|x64.ActiveCfg = Debug|x64
		{5184B508-BA08-4E6A-ACB8-94B69E769497}.Debug|x64.Build.0 = Debug|x64
		{5184B508-BA08-4E6A-ACB8-94B69E769497}.Debug|x86.ActiveCfg = Debug|x86
		{5184B508-BA08-4E6A-ACB8-94B69E769497}.Debug|x86.Build.0 = Debug|x86
		{5184B508-BA08-4E6A-ACB8-94B69E769497}.Release|Any CPU.ActiveCfg = Release|x86
		{5184B508-BA08-4E6A-ACB8-94B69E769497}.Release|x64.ActiveCfg = Release|x64
		{5184B508-BA08-4E6A-ACB8-94B69E769497}.Release|x64.Build.0 = Release|x64
		{5184B508-BA08-4E6A-ACB8-94B69E769497}.Release|x86.ActiveCfg = Release|x86
		{5184B508-BA08-4E6A-ACB8-94B69E769497}.Release|x86.Build.0 = Release|x86
		{570394E5-0727-45B1-9244-9CCD608D5032}.Debug|Any CPU.ActiveCfg = Debug|x86
		{570394E5-0727-45B1-9244-9CCD608D5032}.Debug|x64.ActiveCfg = Debug|x64
		{570394E5-0727-45B1-9244-9CCD608D5032}.Debug|x64.Build.0 = Debug|x64
		{570394E5-0727-45B1-9244-9CCD608D5032}.Debug|x86.ActiveCfg = Debug|x86
		{570394E5-0727-45B1-9244-9CCD608D5032}.Debug|x86.Build.0 = Debug|x86
		{570394E5-0727-45B1-9244-9CCD608D5032}.Release|Any CPU.ActiveCfg = Release|x86
		{570394E5-0727-45B1-9244-9CCD608D5032}.Release|x64.ActiveCfg = Release|x64
		{570394E5-0727-45B1-9244-9CCD608D5032}.Release|x64.Build.0 = Release|x64
		{570394E5-0727-45B1-9244-9CCD608D5032}.Release|x86.ActiveCfg = Release|x86
		{570394E5-0727-45B1-9244-9CCD608D5032}.Release|x86.Build.0 = Release|x86
		{E22E7C42-4B61-4D4E-BA59-6D4D4DF70EEB}.Debug|Any CPU.ActiveCfg = Debug|x86
		{E22E7C42-4B61-4D4E-BA59-6D4D4DF70EEB}.Debug|x64.ActiveCfg = Debug|x64
		{E22E7C42-4B61-4D4E-BA59-6D4D4DF70EEB}.Debug|x64.Build.0 = Debug|x64
		{E22E7C42-4B61-4D4E-BA59-6D4D4DF70EEB}.Debug|x86.ActiveCfg = Debug|x86
		{E22E7C42-4B61-4D4E-BA59-6D4D4DF70EEB}.Debug|x86.Build.0 = Debug|x86
		{E22E7C42-4B61-4D4E-BA59-6D4D4DF70EEB}.Release|Any CPU.ActiveCfg = Release|x86
		{E22E7C42-4B61-4D4E-BA59-6D4D4DF70EEB}.Release|x64.ActiveCfg = Release|x64
		{E22E7C42-4B61-4D4E-BA59-6D4D4DF70EEB}.Release|x64.Build.0 = Release|x64
		{E22E7C42-4B61-4D4E-BA59-6D4D4DF70EEB}.Release|x86.ActiveCfg = Release|x86
		{E22E7C42-4B61-4D4E-BA59-6D4D4DF70EEB}.Release|x86.Build.0 = Release|x86
		{75784C79-6B53-4879-8BD6-66FF7D145EE2}.Debug|Any CPU.ActiveCfg = Debug|x86
		{75784C79-6B53-4879-8BD6-66FF7D145EE2}.Debug|x64.ActiveCfg = Debug|x64
		{75784C79-6B53-4879-8BD6-66FF7D145EE2}.Debug|x64.Build.0 = Debug|x64
		{75784C79-6B53-4879-8BD6-66FF7D145EE2}.Debug|x86.ActiveCfg = Debug|x86
		{75784C79-6B53-4879-8BD6-66FF7D145EE2}.Debug|x86.Build.0 = Debug|x86
		{75784C79-6B53-4879-8BD6-66FF7D145EE2}.Release|Any CPU.ActiveCfg = Release|x86
		{75784C79-6B53-4879-8BD6-66FF7D145EE2}.Release|x64.ActiveCfg = Release|x64
		{75784C79-6B53-4879-8BD6-66FF7D145EE2}.Release|x64.Build.0 = Release|x64
		{75784C79-6B53-4879-8BD6-66FF7D145EE2}.Release|x86.ActiveCfg = Release|x86
		{75784C79-6B53-4879-8BD6-66FF7D145EE2}.Release|x86.Build.0 = Release|x86
		{6A6B02DD-8E13-41B1-A54C-A35AEA3906D6}.Debug|Any CPU.ActiveCfg = Debug|x86
		{6A6B02DD-8E13-41B1-A54C-A35AEA3906D6}.Debug|x64.ActiveCfg = Debug|x64
		{6A6B02DD-8E13-41B1-A54C-A35AEA3906D6}.Debug|x64.Build.0 = Debug|x64
		{6A6B02DD-8E13-41B1-A54C-A35AEA3906D6}.Debug|x86.ActiveCfg = Debug|x86
		{6A6B02DD-8E13-41B1-A54C-A35AEA3906D6}.Debug|x86.Build.0 = Debug|x86
		{6A6B02DD-8E13-41B1-A54C-A35AEA3906D6}.Release|Any CPU.ActiveCfg = Release|x86
		{6A6B02DD-8E13-41B1-A54C-A35AEA3906D6}.Release|x64.ActiveCfg = Release|x64
		{6A6B02DD-8E13-41B1-A54C-A35AEA3906D6}.Release|x64.Build.0 = Release|x64
		{6A6B02DD-8E13-41B1-A54C-A35AEA3906D6}.Release|x86.ActiveCfg = Release|x86
		{6A6B02DD-8E13-41B1-A54C-A35AEA3906D6}.Release|x86.Build.0 = Release|x86
	EndGlobalSection
	GlobalSection(SolutionProperties) = preSolution
		HideSolutionNode = FALSE
	EndGlobalSection
	GlobalSection(ExtensibilityGlobals) = postSolution
		SolutionGuid = {818A4175-F7A3-472D-BA3E-7384A35014C5}
	EndGlobalSection
EndGlobal
